// !$*UTF8*$!
{
	archiveVersion = 1;
	classes = {
	};
	objectVersion = 48;
	objects = {

/* Begin PBXBuildFile section */
		AB71CE6C1FCFB02E00514D96 /* AppDelegate.swift in Sources */ = {isa = PBXBuildFile; fileRef = AB71CE6B1FCFB02E00514D96 /* AppDelegate.swift */; };
		AB71CE6E1FCFB02E00514D96 /* ViewController.swift in Sources */ = {isa = PBXBuildFile; fileRef = AB71CE6D1FCFB02E00514D96 /* ViewController.swift */; };
		AB71CE711FCFB02E00514D96 /* Main.storyboard in Resources */ = {isa = PBXBuildFile; fileRef = AB71CE6F1FCFB02E00514D96 /* Main.storyboard */; };
		AB71CE731FCFB02E00514D96 /* Assets.xcassets in Resources */ = {isa = PBXBuildFile; fileRef = AB71CE721FCFB02E00514D96 /* Assets.xcassets */; };
		AB71CE761FCFB02E00514D96 /* LaunchScreen.storyboard in Resources */ = {isa = PBXBuildFile; fileRef = AB71CE741FCFB02E00514D96 /* LaunchScreen.storyboard */; };
		AB71CE7E1FCFB5B200514D96 /* resultViewController.swift in Sources */ = {isa = PBXBuildFile; fileRef = AB71CE7D1FCFB5B200514D96 /* resultViewController.swift */; };
/* End PBXBuildFile section */

/* Begin PBXFileReference section */
		AB71CE681FCFB02E00514D96 /* omikuji.app */ = {isa = PBXFileReference; explicitFileType = wrapper.application; includeInIndex = 0; path = omikuji.app; sourceTree = BUILT_PRODUCTS_DIR; };
		AB71CE6B1FCFB02E00514D96 /* AppDelegate.swift */ = {isa = PBXFileReference; lastKnownFileType = sourcecode.swift; path = AppDelegate.swift; sourceTree = "<group>"; };
		AB71CE6D1FCFB02E00514D96 /* ViewController.swift */ = {isa = PBXFileReference; lastKnownFileType = sourcecode.swift; path = ViewController.swift; sourceTree = "<group>"; };
		AB71CE701FCFB02E00514D96 /* Base */ = {isa = PBXFileReference; lastKnownFileType = file.storyboard; name = Base; path = Base.lproj/Main.storyboard; sourceTree = "<group>"; };
		AB71CE721FCFB02E00514D96 /* Assets.xcassets */ = {isa = PBXFileReference; lastKnownFileType = folder.assetcatalog; path = Assets.xcassets; sourceTree = "<group>"; };
		AB71CE751FCFB02E00514D96 /* Base */ = {isa = PBXFileReference; lastKnownFileType = file.storyboard; name = Base; path = Base.lproj/LaunchScreen.storyboard; sourceTree = "<group>"; };
		AB71CE771FCFB02E00514D96 /* Info.plist */ = {isa = PBXFileReference; lastKnownFileType = text.plist.xml; path = Info.plist; sourceTree = "<group>"; };
		AB71CE7D1FCFB5B200514D96 /* resultViewController.swift */ = {isa = PBXFileReference; lastKnownFileType = sourcecode.swift; path = resultViewController.swift; sourceTree = "<group>"; };
/* End PBXFileReference section */

/* Begin PBXFrameworksBuildPhase section */
		AB71CE651FCFB02E00514D96 /* Frameworks */ = {
			isa = PBXFrameworksBuildPhase;
			buildActionMask = 2147483647;
			files = (
			);
			runOnlyForDeploymentPostprocessing = 0;
		};
/* End PBXFrameworksBuildPhase section */

/* Begin PBXGroup section */
		AB71CE5F1FCFB02E00514D96 = {
			isa = PBXGroup;
			children = (
				AB71CE6A1FCFB02E00514D96 /* omikuji */,
				AB71CE691FCFB02E00514D96 /* Products */,
			);
			sourceTree = "<group>";
		};
		AB71CE691FCFB02E00514D96 /* Products */ = {
			isa = PBXGroup;
			children = (
				AB71CE681FCFB02E00514D96 /* omikuji.app */,
			);
			name = Products;
			sourceTree = "<group>";
		};
		AB71CE6A1FCFB02E00514D96 /* omikuji */ = {
			isa = PBXGroup;
			children = (
				AB71CE6B1FCFB02E00514D96 /* AppDelegate.swift */,
				AB71CE6D1FCFB02E00514D96 /* ViewController.swift */,
				AB71CE6F1FCFB02E00514D96 /* Main.storyboard */,
				AB71CE7D1FCFB5B200514D96 /* resultViewController.swift */,
				AB71CE721FCFB02E00514D96 /* Assets.xcassets */,
				AB71CE741FCFB02E00514D96 /* LaunchScreen.storyboard */,
				AB71CE771FCFB02E00514D96 /* Info.plist */,
			);
			path = omikuji;
			sourceTree = "<group>";
		};
/* End PBXGroup section */

/* Begin PBXNativeTarget section */
		AB71CE671FCFB02E00514D96 /* omikuji */ = {
			isa = PBXNativeTarget;
			buildConfigurationList = AB71CE7A1FCFB02E00514D96 /* Build configuration list for PBXNativeTarget "omikuji" */;
			buildPhases = (
				AB71CE641FCFB02E00514D96 /* Sources */,
				AB71CE651FCFB02E00514D96 /* Frameworks */,
				AB71CE661FCFB02E00514D96 /* Resources */,
			);
			buildRules = (
			);
			dependencies = (
			);
			name = omikuji;
			productName = omikuji;
			productReference = AB71CE681FCFB02E00514D96 /* omikuji.app */;
			productType = "com.apple.product-type.application";
		};
/* End PBXNativeTarget section */

/* Begin PBXProject section */
		AB71CE601FCFB02E00514D96 /* Project object */ = {
			isa = PBXProject;
			attributes = {
				LastSwiftUpdateCheck = 0910;
				LastUpgradeCheck = 0910;
				ORGANIZATIONNAME = Simple;
				TargetAttributes = {
					AB71CE671FCFB02E00514D96 = {
						CreatedOnToolsVersion = 9.1;
						ProvisioningStyle = Automatic;
					};
				};
			};
			buildConfigurationList = AB71CE631FCFB02E00514D96 /* Build configuration list for PBXProject "omikuji" */;
			compatibilityVersion = "Xcode 8.0";
			developmentRegion = en;
			hasScannedForEncodings = 0;
			knownRegions = (
				en,
				Base,
			);
			mainGroup = AB71CE5F1FCFB02E00514D96;
			productRefGroup = AB71CE691FCFB02E00514D96 /* Products */;
			projectDirPath = "";
			projectRoot = "";
			targets = (
				AB71CE671FCFB02E00514D96 /* omikuji */,
			);
		};
/* End PBXProject section */

/* Begin PBXResourcesBuildPhase section */
		AB71CE661FCFB02E00514D96 /* Resources */ = {
			isa = PBXResourcesBuildPhase;
			buildActionMask = 2147483647;
			files = (
				AB71CE761FCFB02E00514D96 /* LaunchScreen.storyboard in Resources */,
				AB71CE731FCFB02E00514D96 /* Assets.xcassets in Resources */,
				AB71CE711FCFB02E00514D96 /* Main.storyboard in Resources */,
			);
			runOnlyForDeploymentPostprocessing = 0;
		};
/* End PBXResourcesBuildPhase section */

/* Begin PBXSourcesBuildPhase section */
		AB71CE641FCFB02E00514D96 /* Sources */ = {
			isa = PBXSourcesBuildPhase;
			buildActionMask = 2147483647;
			files = (
				AB71CE7E1FCFB5B200514D96 /* resultViewController.swift in Sources */,
				AB71CE6E1FCFB02E00514D96 /* ViewController.swift in Sources */,
				AB71CE6C1FCFB02E00514D96 /* AppDelegate.swift in Sources */,
			);
			runOnlyForDeploymentPostprocessing = 0;
		};
/* End PBXSourcesBuildPhase section */

/* Begin PBXVariantGroup section */
		AB71CE6F1FCFB02E00514D96 /* Main.storyboard */ = {
			isa = PBXVariantGroup;
			children = (
				AB71CE701FCFB02E00514D96 /* Base */,
			);
			name = Main.storyboard;
			sourceTree = "<group>";
		};
		AB71CE741FCFB02E00514D96 /* LaunchScreen.storyboard */ = {
			isa = PBXVariantGroup;
			children = (
				AB71CE751FCFB02E00514D96 /* Base */,
			);
			name = LaunchScreen.storyboard;
			sourceTree = "<group>";
		};
/* End PBXVariantGroup section */

/* Begin XCBuildConfiguration section */
		AB71CE781FCFB02E00514D96 /* Debug */ = {
			isa = XCBuildConfiguration;
			buildSettings = {
				ALWAYS_SEARCH_USER_PATHS = NO;
				CLANG_ANALYZER_NONNULL = YES;
				CLANG_ANALYZER_NUMBER_OBJECT_CONVERSION = YES_AGGRESSIVE;
				CLANG_CXX_LANGUAGE_STANDARD = "gnu++14";
				CLANG_CXX_LIBRARY = "libc++";
				CLANG_ENABLE_MODULES = YES;
				CLANG_ENABLE_OBJC_ARC = YES;
				CLANG_WARN_BLOCK_CAPTURE_AUTORELEASING = YES;
				CLANG_WARN_BOOL_CONVERSION = YES;
				CLANG_WARN_COMMA = YES;
				CLANG_WARN_CONSTANT_CONVERSION = YES;
				CLANG_WARN_DIRECT_OBJC_ISA_USAGE = YES_ERROR;
				CLANG_WARN_DOCUMENTATION_COMMENTS = YES;
				CLANG_WARN_EMPTY_BODY = YES;
				CLANG_WARN_ENUM_CONVERSION = YES;
				CLANG_WARN_INFINITE_RECURSION = YES;
				CLANG_WARN_INT_CONVERSION = YES;
				CLANG_WARN_NON_LITERAL_NULL_CONVERSION = YES;
				CLANG_WARN_OBJC_LITERAL_CONVERSION = YES;
				CLANG_WARN_OBJC_ROOT_CLASS = YES_ERROR;
				CLANG_WARN_RANGE_LOOP_ANALYSIS = YES;
				CLANG_WARN_STRICT_PROTOTYPES = YES;
				CLANG_WARN_SUSPICIOUS_MOVE = YES;
				CLANG_WARN_UNGUARDED_AVAILABILITY = YES_AGGRESSIVE;
				CLANG_WARN_UNREACHABLE_CODE = YES;
				CLANG_WARN__DUPLICATE_METHOD_MATCH = YES;
				CODE_SIGN_IDENTITY = "iPhone Developer";
				COPY_PHASE_STRIP = NO;
				DEBUG_INFORMATION_FORMAT = dwarf;
				ENABLE_STRICT_OBJC_MSGSEND = YES;
				ENABLE_TESTABILITY = YES;
				GCC_C_LANGUAGE_STANDARD = gnu11;
				GCC_DYNAMIC_NO_PIC = NO;
				GCC_NO_COMMON_BLOCKS = YES;
				GCC_OPTIMIZATION_LEVEL = 0;
				GCC_PREPROCESSOR_DEFINITIONS = (
					"DEBUG=1",
					"$(inherited)",
				);
				GCC_WARN_64_TO_32_BIT_CONVERSION = YES;
				GCC_WARN_ABOUT_RETURN_TYPE = YES_ERROR;
				GCC_WARN_UNDECLARED_SELECTOR = YES;
				GCC_WARN_UNINITIALIZED_AUTOS = YES_AGGRESSIVE;
				GCC_WARN_UNUSED_FUNCTION = YES;
				GCC_WARN_UNUSED_VARIABLE = YES;
				IPHONEOS_DEPLOYMENT_TARGET = 11.1;
				MTL_ENABLE_DEBUG_INFO = YES;
				ONLY_ACTIVE_ARCH = YES;
				SDKROOT = iphoneos;
				SWIFT_ACTIVE_COMPILATION_CONDITIONS = DEBUG;
				SWIFT_OPTIMIZATION_LEVEL = "-Onone";
			};
			name = Debug;
		};
		AB71CE791FCFB02E00514D96 /* Release */ = {
			isa = XCBuildConfiguration;
			buildSettings = {
				ALWAYS_SEARCH_USER_PATHS = NO;
				CLANG_ANALYZER_NONNULL = YES;
				CLANG_ANALYZER_NUMBER_OBJECT_CONVERSION = YES_AGGRESSIVE;
				CLANG_CXX_LANGUAGE_STANDARD = "gnu++14";
				CLANG_CXX_LIBRARY = "libc++";
				CLANG_ENABLE_MODULES = YES;
				CLANG_ENABLE_OBJC_ARC = YES;
				CLANG_WARN_BLOCK_CAPTURE_AUTORELEASING = YES;
				CLANG_WARN_BOOL_CONVERSION = YES;
				CLANG_WARN_COMMA = YES;
				CLANG_WARN_CONSTANT_CONVERSION = YES;
				CLANG_WARN_DIRECT_OBJC_ISA_USAGE = YES_ERROR;
				CLANG_WARN_DOCUMENTATION_COMMENTS = YES;
				CLANG_WARN_EMPTY_BODY = YES;
				CLANG_WARN_ENUM_CONVERSION = YES;
				CLANG_WARN_INFINITE_RECURSION = YES;
				CLANG_WARN_INT_CONVERSION = YES;
				CLANG_WARN_NON_LITERAL_NULL_CONVERSION = YES;
				CLANG_WARN_OBJC_LITERAL_CONVERSION = YES;
				CLANG_WARN_OBJC_ROOT_CLASS = YES_ERROR;
				CLANG_WARN_RANGE_LOOP_ANALYSIS = YES;
				CLANG_WARN_STRICT_PROTOTYPES = YES;
				CLANG_WARN_SUSPICIOUS_MOVE = YES;
				CLANG_WARN_UNGUARDED_AVAILABILITY = YES_AGGRESSIVE;
				CLANG_WARN_UNREACHABLE_CODE = YES;
				CLANG_WARN__DUPLICATE_METHOD_MATCH = YES;
				CODE_SIGN_IDENTITY = "iPhone Developer";
				COPY_PHASE_STRIP = NO;
				DEBUG_INFORMATION_FORMAT = "dwarf-with-dsym";
				ENABLE_NS_ASSERTIONS = NO;
				ENABLE_STRICT_OBJC_MSGSEND = YES;
				GCC_C_LANGUAGE_STANDARD = gnu11;
				GCC_NO_COMMON_BLOCKS = YES;
				GCC_WARN_64_TO_32_BIT_CONVERSION = YES;
				GCC_WARN_ABOUT_RETURN_TYPE = YES_ERROR;
				GCC_WARN_UNDECLARED_SELECTOR = YES;
				GCC_WARN_UNINITIALIZED_AUTOS = YES_AGGRESSIVE;
				GCC_WARN_UNUSED_FUNCTION = YES;
				GCC_WARN_UNUSED_VARIABLE = YES;
				IPHONEOS_DEPLOYMENT_TARGET = 11.1;
				MTL_ENABLE_DEBUG_INFO = NO;
				SDKROOT = iphoneos;
				SWIFT_OPTIMIZATION_LEVEL = "-Owholemodule";
				VALIDATE_PRODUCT = YES;
			};
			name = Release;
		};
		AB71CE7B1FCFB02E00514D96 /* Debug */ = {
			isa = XCBuildConfiguration;
			buildSettings = {
				ASSETCATALOG_COMPILER_APPICON_NAME = AppIcon;
				CODE_SIGN_STYLE = Automatic;
				INFOPLIST_FILE = omikuji/Info.plist;
				LD_RUNPATH_SEARCH_PATHS = "$(inherited) @executable_path/Frameworks";
				PRODUCT_BUNDLE_IDENTIFIER = com.satomi.omikuji;
				PRODUCT_NAME = "$(TARGET_NAME)";
				SWIFT_VERSION = 4.0;
				TARGETED_DEVICE_FAMILY = "1,2";
			};
			name = Debug;
		};
		AB71CE7C1FCFB02E00514D96 /* Release */ = {
			isa = XCBuildConfiguration;
			buildSettings = {
				ASSETCATALOG_COMPILER_APPICON_NAME = AppIcon;
				CODE_SIGN_STYLE = Automatic;
				INFOPLIST_FILE = omikuji/Info.plist;
				LD_RUNPATH_SEARCH_PATHS = "$(inherited) @executable_path/Frameworks";
				PRODUCT_BUNDLE_IDENTIFIER = com.satomi.omikuji;
				PRODUCT_NAME = "$(TARGET_NAME)";
				SWIFT_VERSION = 4.0;
				TARGETED_DEVICE_FAMILY = "1,2";
			};
			name = Release;
		};
/* End XCBuildConfiguration section */

/* Begin XCConfigurationList section */
		AB71CE631FCFB02E00514D96 /* Build configuration list for PBXProject "omikuji" */ = {
			isa = XCConfigurationList;
			buildConfigurations = (
				AB71CE781FCFB02E00514D96 /* Debug */,
				AB71CE791FCFB02E00514D96 /* Release */,
			);
			defaultConfigurationIsVisible = 0;
			defaultConfigurationName = Release;
		};
		AB71CE7A1FCFB02E00514D96 /* Build configuration list for PBXNativeTarget "omikuji" */ = {
			isa = XCConfigurationList;
			buildConfigurations = (
				AB71CE7B1FCFB02E00514D96 /* Debug */,
				AB71CE7C1FCFB02E00514D96 /* Release */,
			);
			defaultConfigurationIsVisible = 0;
			defaultConfigurationName = Release;
		};
/* End XCConfigurationList section */
	};
	rootObject = AB71CE601FCFB02E00514D96 /* Project object */;
}
